
Microsoft Visual Studio Solution File, Format Version 12.00
Project("{FAE04EC0-301F-11D3-BF4B-00C04F79EFBC}") = "WebApplication", "WebApplication\WebApplication.csproj", "{17955BC7-7825-467A-80C4-0C012CDE8B4F}"
EndProject
Project("{FAE04EC0-301F-11D3-BF4B-00C04F79EFBC}") = "MongoDBTest", "MongoDBTest\MongoDBTest.csproj", "{D239BBAA-34F5-4B7D-AF78-28AC13B3AC8B}"
EndProject
Global
	GlobalSection(SolutionConfigurationPlatforms) = preSolution
		Debug|Any CPU = Debug|Any CPU
		Release|Any CPU = Release|Any CPU
	EndGlobalSection
	GlobalSection(ProjectConfigurationPlatforms) = postSolution
		{17955BC7-7825-467A-80C4-0C012CDE8B4F}.Debug|Any CPU.ActiveCfg = Debug|Any CPU
		{17955BC7-7825-467A-80C4-0C012CDE8B4F}.Debug|Any CPU.Build.0 = Debug|Any CPU
		{17955BC7-7825-467A-80C4-0C012CDE8B4F}.Release|Any CPU.ActiveCfg = Release|Any CPU
		{17955BC7-7825-467A-80C4-0C012CDE8B4F}.Release|Any CPU.Build.0 = Release|Any CPU
		{D239BBAA-34F5-4B7D-AF78-28AC13B3AC8B}.Debug|Any CPU.ActiveCfg = Debug|Any CPU
		{D239BBAA-34F5-4B7D-AF78-28AC13B3AC8B}.Debug|Any CPU.Build.0 = Debug|Any CPU
		{D239BBAA-34F5-4B7D-AF78-28AC13B3AC8B}.Release|Any CPU.ActiveCfg = Release|Any CPU
		{D239BBAA-34F5-4B7D-AF78-28AC13B3AC8B}.Release|Any CPU.Build.0 = Release|Any CPU
	EndGlobalSection
EndGlobal
